
{
  "name": "frontend",
  "version": "0.1.0",
  "lockfileVersion": 2,
  "requires": true,
  "packages": {
    "": {
      "name": "frontend",
      "version": "0.1.0",
      "dependencies": {
        "@testing-library/jest-dom": "^5.16.5",
        "@testing-library/react": "^13.4.0",
        "@testing-library/user-event": "^13.5.0",
        "react": "^18.2.0",
        "react-dom": "^18.2.0",
        "react-icons": "^4.7.1",
        "react-loaders-kit": "^0.1.3",
        "react-player": "^2.11.0",
        "react-scripts": "^2.1.3",
        "react-scroll": "^1.8.9",
        "web-vitals": "^2.1.4"
      }
    },
    "node_modules/@adobe/css-tools": {
      "version": "4.1.0",
      "resolved": "https://registry.npmjs.org/@adobe/css-tools/-/css-tools-4.1.0.tgz",
      "integrity": "sha512-mMVJ/j/GbZ/De4ZHWbQAQO1J6iVnjtZLc9WEdkUQb8S/Bu2cAF2bETXUgMAdvMG3/ngtKmcNBe+Zms9bg6jnQQ=="
    },
    "node_modules/@ampproject/remapping": {
      "version": "2.2.0",
      "resolved": "https://registry.npmjs.org/@ampproject/remapping/-/remapping-2.2.0.tgz",
      "integrity": "sha512-qRmjj8nj9qmLTQXXmaR1cck3UXSRMPrbsLJAasZpF+t3riI71BXed5ebIOYwQntykeZuhjsdweEc9BxH5Jc26w==",
      "dependencies": {
        "@jridgewell/gen-mapping": "^0.1.0",
        "@jridgewell/trace-mapping": "^0.3.9"
      },
      "engines": {
        "node": ">=6.0.0"
      }
    },
    "node_modules/@babel/code-frame": {
      "version": "7.18.6",
      "resolved": "https://registry.npmjs.org/@babel/code-frame/-/code-frame-7.18.6.tgz",
      "integrity": "sha512-TDCmlK5eOvH+eH7cdAFlNXeVJqWIQ7gW9tY1GJIpUtFb6CmjVyq2VM3u71bOyR8CRihcCgMUYoDNyLXao3+70Q==",
      "dependencies": {
        "@babel/highlight": "^7.18.6"
      },
      "engines": {
        "node": ">=6.9.0"